name: "Update flake.lock"

on:
  workflow_dispatch:
  schedule:
    - cron: '0 0 * * 0'

jobs:
  update-flake-lock:
    runs-on: ubuntu-latest
    permissions:
      contents: write
      pull-requests: write
    steps:
      - uses: actions/checkout@v6
      - uses: DeterminateSystems/determinate-nix-action@v3
        with:
          github-token: ${{ secrets.GH_TOKEN_FOR_UPDATES }}
      - uses: DeterminateSystems/update-flake-lock@v28
        with:
          token: ${{ secrets.GH_TOKEN_FOR_UPDATES }}
          pr-title: "Update flake.lock"
          pr-labels: |
            dependencies
            automated
